
Microsoft Visual Studio Solution File, Format Version 12.00
# Visual Studio Version 17
VisualStudioVersion = 17.9.34902.65
MinimumVisualStudioVersion = 10.0.40219.1
Project("{888888A0-9F3D-457C-B088-3A5042F75D52}") = "Digital_Clock", "Digital_Clock.pyproj", "{83CCB2B4-3BAB-42D9-AF1A-D86F7A273FAE}"
EndProject
Global
	GlobalSection(SolutionConfigurationPlatforms) = preSolution
		Debug|Any CPU = Debug|Any CPU
		Release|Any CPU = Release|Any CPU
	EndGlobalSection
	GlobalSection(ProjectConfigurationPlatforms) = postSolution
		{83CCB2B4-3BAB-42D9-AF1A-D86F7A273FAE}.Debug|Any CPU.ActiveCfg = Debug|Any CPU
		{83CCB2B4-3BAB-42D9-AF1A-D86F7A273FAE}.Release|Any CPU.ActiveCfg = Release|Any CPU
	EndGlobalSection
	GlobalSection(SolutionProperties) = preSolution
		HideSolutionNode = FALSE
	EndGlobalSection
	GlobalSection(ExtensibilityGlobals) = postSolution
		SolutionGuid = {6DE0BB4C-1994-4B72-AC18-4DC95F96CD1D}
	EndGlobalSection
EndGlobal
